{
  "name": "njs-i3-bar",
  "version": "1.0.0",
  "lockfileVersion": 1,
  "requires": true,
  "dependencies": {
    "@i3bar/core": {
      "version": "0.4.0",
      "resolved": "https://registry.npmjs.org/@i3bar/core/-/core-0.4.0.tgz",
      "integrity": "sha512-9CWLMlA3cCCZ43l8CKnVxTKP8H/7iOGszIKTEIkV48tB3AagcnwoG3jwP+Ak+XthlhMUVkdaDZwDq34souHJgA=="
    },
    "fastqueue": {
      "version": "0.1.0",
      "resolved": "https://registry.npmjs.org/fastqueue/-/fastqueue-0.1.0.tgz",
      "integrity": "sha1-bGkQFrOAYYZHbusFpxe6u49jPBk="
    },
    "i3": {
      "version": "0.3.0",
      "resolved": "https://registry.npmjs.org/i3/-/i3-0.3.0.tgz",
      "integrity": "sha512-ah8PIhkNZ3roZqd3oUDPy2BcXyeDqa6pxLmicWtKbTo6xNfF3WPOWsbf8BwxszpI+PHgz2P/v2b9p7dYg8sOxA==",
      "requires": {
        "fastqueue": "~0.1.0"
      }
    },
    "i3wm": {
      "version": "1.1.0",
      "resolved": "https://registry.npmjs.org/i3wm/-/i3wm-1.1.0.tgz",
      "integrity": "sha512-4cf+5ZikYT+dc4HfNXLNpk6DFPjIBJfCS2/S7cIOqcpLCAARsGO4qUdVtHYWomRfLW27tVud7DyPU/aTlYZwBw=="
    },
    "os": {
      "version": "0.1.1",
      "resolved": "https://registry.npmjs.org/os/-/os-0.1.1.tgz",
      "integrity": "sha1-IIhF6J4ZOtTZcUdLk5R3NqVtE/M="
    }
  }
}
