{
  "name": "njs-i3-bar",
  "version": "1.0.0",
  "lockfileVersion": 1,
  "requires": true,
  "dependencies": {
    "@i3bar/core": {
      "version": "0.4.0",
      "resolved": "https://registry.npmjs.org/@i3bar/core/-/core-0.4.0.tgz",
      "integrity": "sha512-9CWLMlA3cCCZ43l8CKnVxTKP8H/7iOGszIKTEIkV48tB3AagcnwoG3jwP+Ak+XthlhMUVkdaDZwDq34souHJgA=="
    },
    "os": {
      "version": "0.1.1",
      "resolved": "https://registry.npmjs.org/os/-/os-0.1.1.tgz",
      "integrity": "sha1-IIhF6J4ZOtTZcUdLk5R3NqVtE/M="
    }
  }
}
